// !$*UTF8*$!
{
	archiveVersion = 1;
	classes = {
	};
	objectVersion = 50;
	objects = {

/* Begin PBXBuildFile section */
		30826689067212D8C969B46C /* Pods_Todoey.framework in Frameworks */ = {isa = PBXBuildFile; fileRef = A0A1301C418AFA41385BA7E1 /* Pods_Todoey.framework */; };
		C6119D7221D2860700EA2995 /* AppDelegate.swift in Sources */ = {isa = PBXBuildFile; fileRef = C6119D7121D2860700EA2995 /* AppDelegate.swift */; };
		C6119D7421D2860700EA2995 /* TodoListViewController.swift in Sources */ = {isa = PBXBuildFile; fileRef = C6119D7321D2860700EA2995 /* TodoListViewController.swift */; };
		C6119D7721D2860700EA2995 /* Main.storyboard in Resources */ = {isa = PBXBuildFile; fileRef = C6119D7521D2860700EA2995 /* Main.storyboard */; };
		C6119D7921D2860900EA2995 /* Assets.xcassets in Resources */ = {isa = PBXBuildFile; fileRef = C6119D7821D2860900EA2995 /* Assets.xcassets */; };
		C6119D7C21D2860900EA2995 /* LaunchScreen.storyboard in Resources */ = {isa = PBXBuildFile; fileRef = C6119D7A21D2860900EA2995 /* LaunchScreen.storyboard */; };
		C6AB03BF21D7C5CC00D9501C /* CategoryViewController.swift in Sources */ = {isa = PBXBuildFile; fileRef = C6AB03BE21D7C5CC00D9501C /* CategoryViewController.swift */; };
		C6AB03C321D7FCEE00D9501C /* Item.swift in Sources */ = {isa = PBXBuildFile; fileRef = C6AB03C221D7FCEE00D9501C /* Item.swift */; };
		C6AB03C521D7FCF900D9501C /* Category.swift in Sources */ = {isa = PBXBuildFile; fileRef = C6AB03C421D7FCF900D9501C /* Category.swift */; };
/* End PBXBuildFile section */

/* Begin PBXFileReference section */
		766AC544C7BC55A30807447B /* Pods-Todoey.debug.xcconfig */ = {isa = PBXFileReference; includeInIndex = 1; lastKnownFileType = text.xcconfig; name = "Pods-Todoey.debug.xcconfig"; path = "Pods/Target Support Files/Pods-Todoey/Pods-Todoey.debug.xcconfig"; sourceTree = "<group>"; };
		A0A1301C418AFA41385BA7E1 /* Pods_Todoey.framework */ = {isa = PBXFileReference; explicitFileType = wrapper.framework; includeInIndex = 0; path = Pods_Todoey.framework; sourceTree = BUILT_PRODUCTS_DIR; };
		A608B35E8E9A687649FC263B /* Pods-Todoey.release.xcconfig */ = {isa = PBXFileReference; includeInIndex = 1; lastKnownFileType = text.xcconfig; name = "Pods-Todoey.release.xcconfig"; path = "Pods/Target Support Files/Pods-Todoey/Pods-Todoey.release.xcconfig"; sourceTree = "<group>"; };
		C6119D6E21D2860700EA2995 /* Todoey.app */ = {isa = PBXFileReference; explicitFileType = wrapper.application; includeInIndex = 0; path = Todoey.app; sourceTree = BUILT_PRODUCTS_DIR; };
		C6119D7121D2860700EA2995 /* AppDelegate.swift */ = {isa = PBXFileReference; lastKnownFileType = sourcecode.swift; path = AppDelegate.swift; sourceTree = "<group>"; };
		C6119D7321D2860700EA2995 /* TodoListViewController.swift */ = {isa = PBXFileReference; lastKnownFileType = sourcecode.swift; path = TodoListViewController.swift; sourceTree = "<group>"; };
		C6119D7621D2860700EA2995 /* Base */ = {isa = PBXFileReference; lastKnownFileType = file.storyboard; name = Base; path = Base.lproj/Main.storyboard; sourceTree = "<group>"; };
		C6119D7821D2860900EA2995 /* Assets.xcassets */ = {isa = PBXFileReference; lastKnownFileType = folder.assetcatalog; path = Assets.xcassets; sourceTree = "<group>"; };
		C6119D7B21D2860900EA2995 /* Base */ = {isa = PBXFileReference; lastKnownFileType = file.storyboard; name = Base; path = Base.lproj/LaunchScreen.storyboard; sourceTree = "<group>"; };
		C6119D7D21D2860900EA2995 /* Info.plist */ = {isa = PBXFileReference; lastKnownFileType = text.plist.xml; path = Info.plist; sourceTree = "<group>"; };
		C6AB03BE21D7C5CC00D9501C /* CategoryViewController.swift */ = {isa = PBXFileReference; lastKnownFileType = sourcecode.swift; path = CategoryViewController.swift; sourceTree = "<group>"; };
		C6AB03C221D7FCEE00D9501C /* Item.swift */ = {isa = PBXFileReference; lastKnownFileType = sourcecode.swift; path = Item.swift; sourceTree = "<group>"; };
		C6AB03C421D7FCF900D9501C /* Category.swift */ = {isa = PBXFileReference; lastKnownFileType = sourcecode.swift; path = Category.swift; sourceTree = "<group>"; };
/* End PBXFileReference section */

/* Begin PBXFrameworksBuildPhase section */
		C6119D6B21D2860700EA2995 /* Frameworks */ = {
			isa = PBXFrameworksBuildPhase;
			buildActionMask = 2147483647;
			files = (
				30826689067212D8C969B46C /* Pods_Todoey.framework in Frameworks */,
			);
			runOnlyForDeploymentPostprocessing = 0;
		};
/* End PBXFrameworksBuildPhase section */

/* Begin PBXGroup section */
		0D8AC600B528C1B85C39156C /* Frameworks */ = {
			isa = PBXGroup;
			children = (
				A0A1301C418AFA41385BA7E1 /* Pods_Todoey.framework */,
			);
			name = Frameworks;
			sourceTree = "<group>";
		};
		8D7FC276E5179518E56A9B6B /* Pods */ = {
			isa = PBXGroup;
			children = (
				766AC544C7BC55A30807447B /* Pods-Todoey.debug.xcconfig */,
				A608B35E8E9A687649FC263B /* Pods-Todoey.release.xcconfig */,
			);
			name = Pods;
			sourceTree = "<group>";
		};
		C6119D6521D2860700EA2995 = {
			isa = PBXGroup;
			children = (
				C6119D7021D2860700EA2995 /* Todoey */,
				C6119D6F21D2860700EA2995 /* Products */,
				8D7FC276E5179518E56A9B6B /* Pods */,
				0D8AC600B528C1B85C39156C /* Frameworks */,
			);
			sourceTree = "<group>";
		};
		C6119D6F21D2860700EA2995 /* Products */ = {
			isa = PBXGroup;
			children = (
				C6119D6E21D2860700EA2995 /* Todoey.app */,
			);
			name = Products;
			sourceTree = "<group>";
		};
		C6119D7021D2860700EA2995 /* Todoey */ = {
			isa = PBXGroup;
			children = (
				C6119D7121D2860700EA2995 /* AppDelegate.swift */,
				C6233CA521D2ABD600C0A318 /* Data Model */,
				C6233CA721D2AC1200C0A318 /* Controllers */,
				C6233CA621D2ABF800C0A318 /* Views */,
				C6233CA821D2AC3500C0A318 /* Supporting Files */,
				C6119D7D21D2860900EA2995 /* Info.plist */,
			);
			path = Todoey;
			sourceTree = "<group>";
		};
		C6233CA521D2ABD600C0A318 /* Data Model */ = {
			isa = PBXGroup;
			children = (
				C6AB03C221D7FCEE00D9501C /* Item.swift */,
				C6AB03C421D7FCF900D9501C /* Category.swift */,
			);
			path = "Data Model";
			sourceTree = "<group>";
		};
		C6233CA621D2ABF800C0A318 /* Views */ = {
			isa = PBXGroup;
			children = (
				C6119D7521D2860700EA2995 /* Main.storyboard */,
			);
			path = Views;
			sourceTree = "<group>";
		};
		C6233CA721D2AC1200C0A318 /* Controllers */ = {
			isa = PBXGroup;
			children = (
				C6AB03BE21D7C5CC00D9501C /* CategoryViewController.swift */,
				C6119D7321D2860700EA2995 /* TodoListViewController.swift */,
			);
			path = Controllers;
			sourceTree = "<group>";
		};
		C6233CA821D2AC3500C0A318 /* Supporting Files */ = {
			isa = PBXGroup;
			children = (
				C6119D7821D2860900EA2995 /* Assets.xcassets */,
				C6119D7A21D2860900EA2995 /* LaunchScreen.storyboard */,
			);
			path = "Supporting Files";
			sourceTree = "<group>";
		};
/* End PBXGroup section */

/* Begin PBXNativeTarget section */
		C6119D6D21D2860700EA2995 /* Todoey */ = {
			isa = PBXNativeTarget;
			buildConfigurationList = C6119D8021D2860900EA2995 /* Build configuration list for PBXNativeTarget "Todoey" */;
			buildPhases = (
				63DDA1CC2A95D511F645650A /* [CP] Check Pods Manifest.lock */,
				C6119D6A21D2860700EA2995 /* Sources */,
				C6119D6B21D2860700EA2995 /* Frameworks */,
				C6119D6C21D2860700EA2995 /* Resources */,
				E8FDE02CC544ADE39151B241 /* [CP] Embed Pods Frameworks */,
			);
			buildRules = (
			);
			dependencies = (
			);
			name = Todoey;
			productName = Todoey;
			productReference = C6119D6E21D2860700EA2995 /* Todoey.app */;
			productType = "com.apple.product-type.application";
		};
/* End PBXNativeTarget section */

/* Begin PBXProject section */
		C6119D6621D2860700EA2995 /* Project object */ = {
			isa = PBXProject;
			attributes = {
				LastSwiftUpdateCheck = 1010;
				LastUpgradeCheck = 1010;
				ORGANIZATIONNAME = "Peter Signore";
				TargetAttributes = {
					C6119D6D21D2860700EA2995 = {
						CreatedOnToolsVersion = 10.1;
					};
				};
			};
			buildConfigurationList = C6119D6921D2860700EA2995 /* Build configuration list for PBXProject "Todoey" */;
			compatibilityVersion = "Xcode 9.3";
			developmentRegion = en;
			hasScannedForEncodings = 0;
			knownRegions = (
				en,
				Base,
			);
			mainGroup = C6119D6521D2860700EA2995;
			productRefGroup = C6119D6F21D2860700EA2995 /* Products */;
			projectDirPath = "";
			projectRoot = "";
			targets = (
				C6119D6D21D2860700EA2995 /* Todoey */,
			);
		};
/* End PBXProject section */

/* Begin PBXResourcesBuildPhase section */
		C6119D6C21D2860700EA2995 /* Resources */ = {
			isa = PBXResourcesBuildPhase;
			buildActionMask = 2147483647;
			files = (
				C6119D7C21D2860900EA2995 /* LaunchScreen.storyboard in Resources */,
				C6119D7921D2860900EA2995 /* Assets.xcassets in Resources */,
				C6119D7721D2860700EA2995 /* Main.storyboard in Resources */,
			);
			runOnlyForDeploymentPostprocessing = 0;
		};
/* End PBXResourcesBuildPhase section */

/* Begin PBXShellScriptBuildPhase section */
		63DDA1CC2A95D511F645650A /* [CP] Check Pods Manifest.lock */ = {
			isa = PBXShellScriptBuildPhase;
			buildActionMask = 2147483647;
			files = (
			);
			inputFileListPaths = (
			);
			inputPaths = (
				"${PODS_PODFILE_DIR_PATH}/Podfile.lock",
				"${PODS_ROOT}/Manifest.lock",
			);
			name = "[CP] Check Pods Manifest.lock";
			outputFileListPaths = (
			);
			outputPaths = (
				"$(DERIVED_FILE_DIR)/Pods-Todoey-checkManifestLockResult.txt",
			);
			runOnlyForDeploymentPostprocessing = 0;
			shellPath = /bin/sh;
			shellScript = "diff \"${PODS_PODFILE_DIR_PATH}/Podfile.lock\" \"${PODS_ROOT}/Manifest.lock\" > /dev/null\nif [ $? != 0 ] ; then\n    # print error to STDERR\n    echo \"error: The sandbox is not in sync with the Podfile.lock. Run 'pod install' or update your CocoaPods installation.\" >&2\n    exit 1\nfi\n# This output is used by Xcode 'outputs' to avoid re-running this script phase.\necho \"SUCCESS\" > \"${SCRIPT_OUTPUT_FILE_0}\"\n";
			showEnvVarsInLog = 0;
		};
		E8FDE02CC544ADE39151B241 /* [CP] Embed Pods Frameworks */ = {
			isa = PBXShellScriptBuildPhase;
			buildActionMask = 2147483647;
			files = (
			);
			inputFileListPaths = (
			);
			inputPaths = (
				"${SRCROOT}/Pods/Target Support Files/Pods-Todoey/Pods-Todoey-frameworks.sh",
				"${BUILT_PRODUCTS_DIR}/Realm/Realm.framework",
				"${BUILT_PRODUCTS_DIR}/RealmSwift/RealmSwift.framework",
			);
			name = "[CP] Embed Pods Frameworks";
			outputFileListPaths = (
			);
			outputPaths = (
				"${TARGET_BUILD_DIR}/${FRAMEWORKS_FOLDER_PATH}/Realm.framework",
				"${TARGET_BUILD_DIR}/${FRAMEWORKS_FOLDER_PATH}/RealmSwift.framework",
			);
			runOnlyForDeploymentPostprocessing = 0;
			shellPath = /bin/sh;
			shellScript = "\"${SRCROOT}/Pods/Target Support Files/Pods-Todoey/Pods-Todoey-frameworks.sh\"\n";
			showEnvVarsInLog = 0;
		};
/* End PBXShellScriptBuildPhase section */

/* Begin PBXSourcesBuildPhase section */
		C6119D6A21D2860700EA2995 /* Sources */ = {
			isa = PBXSourcesBuildPhase;
			buildActionMask = 2147483647;
			files = (
				C6AB03C321D7FCEE00D9501C /* Item.swift in Sources */,
				C6AB03BF21D7C5CC00D9501C /* CategoryViewController.swift in Sources */,
				C6119D7421D2860700EA2995 /* TodoListViewController.swift in Sources */,
				C6119D7221D2860700EA2995 /* AppDelegate.swift in Sources */,
				C6AB03C521D7FCF900D9501C /* Category.swift in Sources */,
			);
			runOnlyForDeploymentPostprocessing = 0;
		};
/* End PBXSourcesBuildPhase section */

/* Begin PBXVariantGroup section */
		C6119D7521D2860700EA2995 /* Main.storyboard */ = {
			isa = PBXVariantGroup;
			children = (
				C6119D7621D2860700EA2995 /* Base */,
			);
			name = Main.storyboard;
			sourceTree = "<group>";
		};
		C6119D7A21D2860900EA2995 /* LaunchScreen.storyboard */ = {
			isa = PBXVariantGroup;
			children = (
				C6119D7B21D2860900EA2995 /* Base */,
			);
			name = LaunchScreen.storyboard;
			sourceTree = "<group>";
		};
/* End PBXVariantGroup section */

/* Begin XCBuildConfiguration section */
		C6119D7E21D2860900EA2995 /* Debug */ = {
			isa = XCBuildConfiguration;
			buildSettings = {
				ALWAYS_SEARCH_USER_PATHS = NO;
				CLANG_ANALYZER_NONNULL = YES;
				CLANG_ANALYZER_NUMBER_OBJECT_CONVERSION = YES_AGGRESSIVE;
				CLANG_CXX_LANGUAGE_STANDARD = "gnu++14";
				CLANG_CXX_LIBRARY = "libc++";
				CLANG_ENABLE_MODULES = YES;
				CLANG_ENABLE_OBJC_ARC = YES;
				CLANG_ENABLE_OBJC_WEAK = YES;
				CLANG_WARN_BLOCK_CAPTURE_AUTORELEASING = YES;
				CLANG_WARN_BOOL_CONVERSION = YES;
				CLANG_WARN_COMMA = YES;
				CLANG_WARN_CONSTANT_CONVERSION = YES;
				CLANG_WARN_DEPRECATED_OBJC_IMPLEMENTATIONS = YES;
				CLANG_WARN_DIRECT_OBJC_ISA_USAGE = YES_ERROR;
				CLANG_WARN_DOCUMENTATION_COMMENTS = YES;
				CLANG_WARN_EMPTY_BODY = YES;
				CLANG_WARN_ENUM_CONVERSION = YES;
				CLANG_WARN_INFINITE_RECURSION = YES;
				CLANG_WARN_INT_CONVERSION = YES;
				CLANG_WARN_NON_LITERAL_NULL_CONVERSION = YES;
				CLANG_WARN_OBJC_IMPLICIT_RETAIN_SELF = YES;
				CLANG_WARN_OBJC_LITERAL_CONVERSION = YES;
				CLANG_WARN_OBJC_ROOT_CLASS = YES_ERROR;
				CLANG_WARN_RANGE_LOOP_ANALYSIS = YES;
				CLANG_WARN_STRICT_PROTOTYPES = YES;
				CLANG_WARN_SUSPICIOUS_MOVE = YES;
				CLANG_WARN_UNGUARDED_AVAILABILITY = YES_AGGRESSIVE;
				CLANG_WARN_UNREACHABLE_CODE = YES;
				CLANG_WARN__DUPLICATE_METHOD_MATCH = YES;
				CODE_SIGN_IDENTITY = "iPhone Developer";
				COPY_PHASE_STRIP = NO;
				DEBUG_INFORMATION_FORMAT = dwarf;
				ENABLE_STRICT_OBJC_MSGSEND = YES;
				ENABLE_TESTABILITY = YES;
				GCC_C_LANGUAGE_STANDARD = gnu11;
				GCC_DYNAMIC_NO_PIC = NO;
				GCC_NO_COMMON_BLOCKS = YES;
				GCC_OPTIMIZATION_LEVEL = 0;
				GCC_PREPROCESSOR_DEFINITIONS = (
					"DEBUG=1",
					"$(inherited)",
				);
				GCC_WARN_64_TO_32_BIT_CONVERSION = YES;
				GCC_WARN_ABOUT_RETURN_TYPE = YES_ERROR;
				GCC_WARN_UNDECLARED_SELECTOR = YES;
				GCC_WARN_UNINITIALIZED_AUTOS = YES_AGGRESSIVE;
				GCC_WARN_UNUSED_FUNCTION = YES;
				GCC_WARN_UNUSED_VARIABLE = YES;
				IPHONEOS_DEPLOYMENT_TARGET = 12.1;
				MTL_ENABLE_DEBUG_INFO = INCLUDE_SOURCE;
				MTL_FAST_MATH = YES;
				ONLY_ACTIVE_ARCH = YES;
				SDKROOT = iphoneos;
				SWIFT_ACTIVE_COMPILATION_CONDITIONS = DEBUG;
				SWIFT_OPTIMIZATION_LEVEL = "-Onone";
			};
			name = Debug;
		};
		C6119D7F21D2860900EA2995 /* Release */ = {
			isa = XCBuildConfiguration;
			buildSettings = {
				ALWAYS_SEARCH_USER_PATHS = NO;
				CLANG_ANALYZER_NONNULL = YES;
				CLANG_ANALYZER_NUMBER_OBJECT_CONVERSION = YES_AGGRESSIVE;
				CLANG_CXX_LANGUAGE_STANDARD = "gnu++14";
				CLANG_CXX_LIBRARY = "libc++";
				CLANG_ENABLE_MODULES = YES;
				CLANG_ENABLE_OBJC_ARC = YES;
				CLANG_ENABLE_OBJC_WEAK = YES;
				CLANG_WARN_BLOCK_CAPTURE_AUTORELEASING = YES;
				CLANG_WARN_BOOL_CONVERSION = YES;
				CLANG_WARN_COMMA = YES;
				CLANG_WARN_CONSTANT_CONVERSION = YES;
				CLANG_WARN_DEPRECATED_OBJC_IMPLEMENTATIONS = YES;
				CLANG_WARN_DIRECT_OBJC_ISA_USAGE = YES_ERROR;
				CLANG_WARN_DOCUMENTATION_COMMENTS = YES;
				CLANG_WARN_EMPTY_BODY = YES;
				CLANG_WARN_ENUM_CONVERSION = YES;
				CLANG_WARN_INFINITE_RECURSION = YES;
				CLANG_WARN_INT_CONVERSION = YES;
				CLANG_WARN_NON_LITERAL_NULL_CONVERSION = YES;
				CLANG_WARN_OBJC_IMPLICIT_RETAIN_SELF = YES;
				CLANG_WARN_OBJC_LITERAL_CONVERSION = YES;
				CLANG_WARN_OBJC_ROOT_CLASS = YES_ERROR;
				CLANG_WARN_RANGE_LOOP_ANALYSIS = YES;
				CLANG_WARN_STRICT_PROTOTYPES = YES;
				CLANG_WARN_SUSPICIOUS_MOVE = YES;
				CLANG_WARN_UNGUARDED_AVAILABILITY = YES_AGGRESSIVE;
				CLANG_WARN_UNREACHABLE_CODE = YES;
				CLANG_WARN__DUPLICATE_METHOD_MATCH = YES;
				CODE_SIGN_IDENTITY = "iPhone Developer";
				COPY_PHASE_STRIP = NO;
				DEBUG_INFORMATION_FORMAT = "dwarf-with-dsym";
				ENABLE_NS_ASSERTIONS = NO;
				ENABLE_STRICT_OBJC_MSGSEND = YES;
				GCC_C_LANGUAGE_STANDARD = gnu11;
				GCC_NO_COMMON_BLOCKS = YES;
				GCC_WARN_64_TO_32_BIT_CONVERSION = YES;
				GCC_WARN_ABOUT_RETURN_TYPE = YES_ERROR;
				GCC_WARN_UNDECLARED_SELECTOR = YES;
				GCC_WARN_UNINITIALIZED_AUTOS = YES_AGGRESSIVE;
				GCC_WARN_UNUSED_FUNCTION = YES;
				GCC_WARN_UNUSED_VARIABLE = YES;
				IPHONEOS_DEPLOYMENT_TARGET = 12.1;
				MTL_ENABLE_DEBUG_INFO = NO;
				MTL_FAST_MATH = YES;
				SDKROOT = iphoneos;
				SWIFT_COMPILATION_MODE = wholemodule;
				SWIFT_OPTIMIZATION_LEVEL = "-O";
				VALIDATE_PRODUCT = YES;
			};
			name = Release;
		};
		C6119D8121D2860900EA2995 /* Debug */ = {
			isa = XCBuildConfiguration;
			baseConfigurationReference = 766AC544C7BC55A30807447B /* Pods-Todoey.debug.xcconfig */;
			buildSettings = {
				ASSETCATALOG_COMPILER_APPICON_NAME = AppIcon;
				CODE_SIGN_STYLE = Automatic;
				DEVELOPMENT_TEAM = LGJXABF6KU;
				INFOPLIST_FILE = Todoey/Info.plist;
				LD_RUNPATH_SEARCH_PATHS = (
					"$(inherited)",
					"@executable_path/Frameworks",
				);
				PRODUCT_BUNDLE_IDENTIFIER = com.PeterSignore.Todoey;
				PRODUCT_NAME = "$(TARGET_NAME)";
				SWIFT_VERSION = 4.2;
				TARGETED_DEVICE_FAMILY = "1,2";
			};
			name = Debug;
		};
		C6119D8221D2860900EA2995 /* Release */ = {
			isa = XCBuildConfiguration;
			baseConfigurationReference = A608B35E8E9A687649FC263B /* Pods-Todoey.release.xcconfig */;
			buildSettings = {
				ASSETCATALOG_COMPILER_APPICON_NAME = AppIcon;
				CODE_SIGN_STYLE = Automatic;
				DEVELOPMENT_TEAM = LGJXABF6KU;
				INFOPLIST_FILE = Todoey/Info.plist;
				LD_RUNPATH_SEARCH_PATHS = (
					"$(inherited)",
					"@executable_path/Frameworks",
				);
				PRODUCT_BUNDLE_IDENTIFIER = com.PeterSignore.Todoey;
				PRODUCT_NAME = "$(TARGET_NAME)";
				SWIFT_VERSION = 4.2;
				TARGETED_DEVICE_FAMILY = "1,2";
			};
			name = Release;
		};
/* End XCBuildConfiguration section */

/* Begin XCConfigurationList section */
		C6119D6921D2860700EA2995 /* Build configuration list for PBXProject "Todoey" */ = {
			isa = XCConfigurationList;
			buildConfigurations = (
				C6119D7E21D2860900EA2995 /* Debug */,
				C6119D7F21D2860900EA2995 /* Release */,
			);
			defaultConfigurationIsVisible = 0;
			defaultConfigurationName = Release;
		};
		C6119D8021D2860900EA2995 /* Build configuration list for PBXNativeTarget "Todoey" */ = {
			isa = XCConfigurationList;
			buildConfigurations = (
				C6119D8121D2860900EA2995 /* Debug */,
				C6119D8221D2860900EA2995 /* Release */,
			);
			defaultConfigurationIsVisible = 0;
			defaultConfigurationName = Release;
		};
/* End XCConfigurationList section */
	};
	rootObject = C6119D6621D2860700EA2995 /* Project object */;
}
